
Microsoft Visual Studio Solution File, Format Version 12.00
# Visual Studio 14
VisualStudioVersion = 14.0.25420.1
MinimumVisualStudioVersion = 10.0.40219.1
Project("{FAE04EC0-301F-11D3-BF4B-00C04F79EFBC}") = "CreateDeviceIdentity", "CreateDeviceIdentity\CreateDeviceIdentity.csproj", "{705451DA-41AE-46A3-A7CE-74646551E4F6}"
EndProject
Project("{FAE04EC0-301F-11D3-BF4B-00C04F79EFBC}") = "ReadDeviceToCloudMessages", "ReadDeviceToCloudMessages\ReadDeviceToCloudMessages.csproj", "{9060AF58-C4EE-4650-B909-779CF91C69C7}"
	ProjectSection(ProjectDependencies) = postProject
		{679589A3-8AEA-47D4-9EA8-DE9D4ED35CE0} = {679589A3-8AEA-47D4-9EA8-DE9D4ED35CE0}
	EndProjectSection
EndProject
Project("{FAE04EC0-301F-11D3-BF4B-00C04F79EFBC}") = "SimulatedDevice", "SimulatedDevice\SimulatedDevice.csproj", "{679589A3-8AEA-47D4-9EA8-DE9D4ED35CE0}"
EndProject
Project("{FAE04EC0-301F-11D3-BF4B-00C04F79EFBC}") = "ProcessDeviceToCloudMessages", "ProcessDeviceToCloudMessages\ProcessDeviceToCloudMessages.csproj", "{C8F9CEC6-24C7-46D4-95D2-F74D69AC1AC5}"
	ProjectSection(ProjectDependencies) = postProject
		{679589A3-8AEA-47D4-9EA8-DE9D4ED35CE0} = {679589A3-8AEA-47D4-9EA8-DE9D4ED35CE0}
	EndProjectSection
EndProject
Project("{FAE04EC0-301F-11D3-BF4B-00C04F79EFBC}") = "ProcessD2CInteractiveMessages", "ProcessD2CInteractiveMessages\ProcessD2CInteractiveMessages.csproj", "{287D170D-8F7E-4885-B2C6-C57F72401358}"
	ProjectSection(ProjectDependencies) = postProject
		{679589A3-8AEA-47D4-9EA8-DE9D4ED35CE0} = {679589A3-8AEA-47D4-9EA8-DE9D4ED35CE0}
	EndProjectSection
EndProject
Project("{FAE04EC0-301F-11D3-BF4B-00C04F79EFBC}") = "AddTagsAndQuery", "AddTagsAndQuery\AddTagsAndQuery.csproj", "{D2A92070-69B1-4D27-852D-C9AA034753AA}"
EndProject
Global
	GlobalSection(SolutionConfigurationPlatforms) = preSolution
		Debug|Any CPU = Debug|Any CPU
		Release|Any CPU = Release|Any CPU
	EndGlobalSection
	GlobalSection(ProjectConfigurationPlatforms) = postSolution
		{705451DA-41AE-46A3-A7CE-74646551E4F6}.Debug|Any CPU.ActiveCfg = Debug|Any CPU
		{705451DA-41AE-46A3-A7CE-74646551E4F6}.Debug|Any CPU.Build.0 = Debug|Any CPU
		{705451DA-41AE-46A3-A7CE-74646551E4F6}.Release|Any CPU.ActiveCfg = Release|Any CPU
		{705451DA-41AE-46A3-A7CE-74646551E4F6}.Release|Any CPU.Build.0 = Release|Any CPU
		{9060AF58-C4EE-4650-B909-779CF91C69C7}.Debug|Any CPU.ActiveCfg = Debug|Any CPU
		{9060AF58-C4EE-4650-B909-779CF91C69C7}.Debug|Any CPU.Build.0 = Debug|Any CPU
		{9060AF58-C4EE-4650-B909-779CF91C69C7}.Release|Any CPU.ActiveCfg = Release|Any CPU
		{9060AF58-C4EE-4650-B909-779CF91C69C7}.Release|Any CPU.Build.0 = Release|Any CPU
		{679589A3-8AEA-47D4-9EA8-DE9D4ED35CE0}.Debug|Any CPU.ActiveCfg = Debug|Any CPU
		{679589A3-8AEA-47D4-9EA8-DE9D4ED35CE0}.Debug|Any CPU.Build.0 = Debug|Any CPU
		{679589A3-8AEA-47D4-9EA8-DE9D4ED35CE0}.Release|Any CPU.ActiveCfg = Release|Any CPU
		{679589A3-8AEA-47D4-9EA8-DE9D4ED35CE0}.Release|Any CPU.Build.0 = Release|Any CPU
		{C8F9CEC6-24C7-46D4-95D2-F74D69AC1AC5}.Debug|Any CPU.ActiveCfg = Debug|Any CPU
		{C8F9CEC6-24C7-46D4-95D2-F74D69AC1AC5}.Debug|Any CPU.Build.0 = Debug|Any CPU
		{C8F9CEC6-24C7-46D4-95D2-F74D69AC1AC5}.Release|Any CPU.ActiveCfg = Release|Any CPU
		{C8F9CEC6-24C7-46D4-95D2-F74D69AC1AC5}.Release|Any CPU.Build.0 = Release|Any CPU
		{287D170D-8F7E-4885-B2C6-C57F72401358}.Debug|Any CPU.ActiveCfg = Debug|Any CPU
		{287D170D-8F7E-4885-B2C6-C57F72401358}.Debug|Any CPU.Build.0 = Debug|Any CPU
		{287D170D-8F7E-4885-B2C6-C57F72401358}.Release|Any CPU.ActiveCfg = Release|Any CPU
		{287D170D-8F7E-4885-B2C6-C57F72401358}.Release|Any CPU.Build.0 = Release|Any CPU
		{D2A92070-69B1-4D27-852D-C9AA034753AA}.Debug|Any CPU.ActiveCfg = Debug|Any CPU
		{D2A92070-69B1-4D27-852D-C9AA034753AA}.Debug|Any CPU.Build.0 = Debug|Any CPU
		{D2A92070-69B1-4D27-852D-C9AA034753AA}.Release|Any CPU.ActiveCfg = Release|Any CPU
		{D2A92070-69B1-4D27-852D-C9AA034753AA}.Release|Any CPU.Build.0 = Release|Any CPU
	EndGlobalSection
	GlobalSection(SolutionProperties) = preSolution
		HideSolutionNode = FALSE
	EndGlobalSection
	GlobalSection(ExtensibilityGlobals) = postSolution
		EnterpriseLibraryConfigurationToolBinariesPathV6 = packages\EnterpriseLibrary.TransientFaultHandling.6.0.1304.0\lib\portable-net45+win+wp8
	EndGlobalSection
EndGlobal
